
Microsoft Visual Studio Solution File, Format Version 12.00
Project("{FAE04EC0-301F-11D3-BF4B-00C04F79EFBC}") = "the_hunters_finalproject", "the_hunters_finalproject.csproj", "{0D804164-4C06-4DD2-9784-0C567D01D7A4}"
EndProject
Global
	GlobalSection(SolutionConfigurationPlatforms) = preSolution
		Debug|Any CPU = Debug|Any CPU
		Release|Any CPU = Release|Any CPU
	EndGlobalSection
	GlobalSection(ProjectConfigurationPlatforms) = postSolution
		{0D804164-4C06-4DD2-9784-0C567D01D7A4}.Debug|Any CPU.ActiveCfg = Debug|Any CPU
		{0D804164-4C06-4DD2-9784-0C567D01D7A4}.Debug|Any CPU.Build.0 = Debug|Any CPU
		{0D804164-4C06-4DD2-9784-0C567D01D7A4}.Release|Any CPU.ActiveCfg = Release|Any CPU
		{0D804164-4C06-4DD2-9784-0C567D01D7A4}.Release|Any CPU.Build.0 = Release|Any CPU
	EndGlobalSection
EndGlobal
